{
  "object": {
    "pins": [
      {
        "package": "Didomi",
        "repositoryURL": "https://github.com/didomi/didomi-ios-sdk-spm",
        "state": {
          "branch": null,
          "revision": "0bafc71590030d10e4fd721965801b65793f9736",
          "version": "2.26.3"
        }
      }
    ]
  },
  "version": 1
}
