{
  "object": {
    "pins": [
      {
        "package": "Didomi",
        "repositoryURL": "https://github.com/didomi/didomi-ios-sdk-spm",
        "state": {
          "branch": null,
          "revision": "7b8d94a775e9e8a86332bb4641c8f53c67aa62dd",
          "version": "1.99.0"
        }
      }
    ]
  },
  "version": 1
}
